
Microsoft Visual Studio Solution File, Format Version 12.00
# Visual Studio Version 16
VisualStudioVersion = 16.0.28803.352
MinimumVisualStudioVersion = 10.0.40219.1
Project("{FAE04EC0-301F-11D3-BF4B-00C04F79EFBC}") = "survey", "survey\survey.csproj", "{1B4C673A-69AC-4EB3-8684-C198DA185243}"
EndProject
Global
	GlobalSection(SolutionConfigurationPlatforms) = preSolution
		Debug|Any CPU = Debug|Any CPU
		Release|Any CPU = Release|Any CPU
	EndGlobalSection
	GlobalSection(ProjectConfigurationPlatforms) = postSolution
		{1B4C673A-69AC-4EB3-8684-C198DA185243}.Debug|Any CPU.ActiveCfg = Debug|Any CPU
		{1B4C673A-69AC-4EB3-8684-C198DA185243}.Debug|Any CPU.Build.0 = Debug|Any CPU
		{1B4C673A-69AC-4EB3-8684-C198DA185243}.Release|Any CPU.ActiveCfg = Release|Any CPU
		{1B4C673A-69AC-4EB3-8684-C198DA185243}.Release|Any CPU.Build.0 = Release|Any CPU
	EndGlobalSection
	GlobalSection(SolutionProperties) = preSolution
		HideSolutionNode = FALSE
	EndGlobalSection
	GlobalSection(ExtensibilityGlobals) = postSolution
		SolutionGuid = {A5E6713F-42D7-4425-85A6-8B78D65057AE}
	EndGlobalSection
EndGlobal
